// !$*UTF8*$!
{
	archiveVersion = 1;
	classes = {
	};
	objectVersion = 56;
	objects = {

/* Begin PBXBuildFile section */
		624623AC2A33781D00979540 /* exercises.json in Resources */ = {isa = PBXBuildFile; fileRef = 624623AB2A33781D00979540 /* exercises.json */; };
		62758F342A2551E1006972CC /* UserProfileData.swift in Sources */ = {isa = PBXBuildFile; fileRef = 62758F332A2551E1006972CC /* UserProfileData.swift */; };
		6291AA972A2001C500448836 /* CampusCoachUIApp.swift in Sources */ = {isa = PBXBuildFile; fileRef = 6291AA962A2001C500448836 /* CampusCoachUIApp.swift */; };
		6291AA992A2001C500448836 /* ContentView.swift in Sources */ = {isa = PBXBuildFile; fileRef = 6291AA982A2001C500448836 /* ContentView.swift */; };
		6291AA9B2A2001C600448836 /* Assets.xcassets in Resources */ = {isa = PBXBuildFile; fileRef = 6291AA9A2A2001C600448836 /* Assets.xcassets */; };
		6291AA9E2A2001C600448836 /* Preview Assets.xcassets in Resources */ = {isa = PBXBuildFile; fileRef = 6291AA9D2A2001C600448836 /* Preview Assets.xcassets */; };
		6291AAA82A2001C700448836 /* CampusCoachUITests.swift in Sources */ = {isa = PBXBuildFile; fileRef = 6291AAA72A2001C700448836 /* CampusCoachUITests.swift */; };
		6291AAB22A2001C700448836 /* CampusCoachUIUITests.swift in Sources */ = {isa = PBXBuildFile; fileRef = 6291AAB12A2001C700448836 /* CampusCoachUIUITests.swift */; };
		6291AAB42A2001C700448836 /* CampusCoachUIUITestsLaunchTests.swift in Sources */ = {isa = PBXBuildFile; fileRef = 6291AAB32A2001C700448836 /* CampusCoachUIUITestsLaunchTests.swift */; };
		62937F3D2A206F0A008307AB /* HomeView.swift in Sources */ = {isa = PBXBuildFile; fileRef = 62937F3C2A206F0A008307AB /* HomeView.swift */; };
		62937F3F2A206F50008307AB /* UserProfileView.swift in Sources */ = {isa = PBXBuildFile; fileRef = 62937F3E2A206F50008307AB /* UserProfileView.swift */; };
		62937F412A207756008307AB /* SleepView.swift in Sources */ = {isa = PBXBuildFile; fileRef = 62937F402A207756008307AB /* SleepView.swift */; };
		62937F432A207786008307AB /* ActivityView.swift in Sources */ = {isa = PBXBuildFile; fileRef = 62937F422A207786008307AB /* ActivityView.swift */; };
		62937F452A207792008307AB /* FoodView.swift in Sources */ = {isa = PBXBuildFile; fileRef = 62937F442A207792008307AB /* FoodView.swift */; };
		62937F472A207B6A008307AB /* StartView.swift in Sources */ = {isa = PBXBuildFile; fileRef = 62937F462A207B6A008307AB /* StartView.swift */; };
		62FD28FB2A2D0D16003C1B8D /* HealthKitSetupAssistant.swift in Sources */ = {isa = PBXBuildFile; fileRef = 62FD28FA2A2D0D16003C1B8D /* HealthKitSetupAssistant.swift */; };
		87129AC72A2C517A00DDFCA7 /* ActivityDetailView.swift in Sources */ = {isa = PBXBuildFile; fileRef = 87129AC62A2C517A00DDFCA7 /* ActivityDetailView.swift */; };
		A2103BB02A2C7153000B4D38 /* GoogleService-Info.plist in Resources */ = {isa = PBXBuildFile; fileRef = A2103BAF2A2C7153000B4D38 /* GoogleService-Info.plist */; };
		A2103BB32A2C74B6000B4D38 /* FirebaseAnalytics in Frameworks */ = {isa = PBXBuildFile; productRef = A2103BB22A2C74B6000B4D38 /* FirebaseAnalytics */; };
		A2103BB52A2C74B6000B4D38 /* FirebaseFirestore in Frameworks */ = {isa = PBXBuildFile; productRef = A2103BB42A2C74B6000B4D38 /* FirebaseFirestore */; };
		A2103BB72A2C74B6000B4D38 /* FirebaseFirestoreCombine-Community in Frameworks */ = {isa = PBXBuildFile; productRef = A2103BB62A2C74B6000B4D38 /* FirebaseFirestoreCombine-Community */; };
		A2103BB92A2C74B6000B4D38 /* FirebaseFirestoreSwift in Frameworks */ = {isa = PBXBuildFile; productRef = A2103BB82A2C74B6000B4D38 /* FirebaseFirestoreSwift */; };
		A2103BBD2A2C8FA0000B4D38 /* UserProfileModel.swift in Sources */ = {isa = PBXBuildFile; fileRef = A2103BBC2A2C8FA0000B4D38 /* UserProfileModel.swift */; };
		A2103BC02A32F2A7000B4D38 /* FirebaseAuth in Frameworks */ = {isa = PBXBuildFile; productRef = A2103BBF2A32F2A7000B4D38 /* FirebaseAuth */; };
/* End PBXBuildFile section */

/* Begin PBXContainerItemProxy section */
		6291AAA42A2001C700448836 /* PBXContainerItemProxy */ = {
			isa = PBXContainerItemProxy;
			containerPortal = 6291AA8B2A2001C500448836 /* Project object */;
			proxyType = 1;
			remoteGlobalIDString = 6291AA922A2001C500448836;
			remoteInfo = CampusCoachUI;
		};
		6291AAAE2A2001C700448836 /* PBXContainerItemProxy */ = {
			isa = PBXContainerItemProxy;
			containerPortal = 6291AA8B2A2001C500448836 /* Project object */;
			proxyType = 1;
			remoteGlobalIDString = 6291AA922A2001C500448836;
			remoteInfo = CampusCoachUI;
		};
/* End PBXContainerItemProxy section */

/* Begin PBXFileReference section */
		624623AB2A33781D00979540 /* exercises.json */ = {isa = PBXFileReference; fileEncoding = 4; lastKnownFileType = text.json; name = exercises.json; path = ../../../../exercises.json; sourceTree = "<group>"; };
		62758F332A2551E1006972CC /* UserProfileData.swift */ = {isa = PBXFileReference; lastKnownFileType = sourcecode.swift; path = UserProfileData.swift; sourceTree = "<group>"; };
		6291AA932A2001C500448836 /* CampusCoachUI.app */ = {isa = PBXFileReference; explicitFileType = wrapper.application; includeInIndex = 0; path = CampusCoachUI.app; sourceTree = BUILT_PRODUCTS_DIR; };
		6291AA962A2001C500448836 /* CampusCoachUIApp.swift */ = {isa = PBXFileReference; lastKnownFileType = sourcecode.swift; path = CampusCoachUIApp.swift; sourceTree = "<group>"; };
		6291AA982A2001C500448836 /* ContentView.swift */ = {isa = PBXFileReference; lastKnownFileType = sourcecode.swift; path = ContentView.swift; sourceTree = "<group>"; };
		6291AA9A2A2001C600448836 /* Assets.xcassets */ = {isa = PBXFileReference; lastKnownFileType = folder.assetcatalog; path = Assets.xcassets; sourceTree = "<group>"; };
		6291AA9D2A2001C600448836 /* Preview Assets.xcassets */ = {isa = PBXFileReference; lastKnownFileType = folder.assetcatalog; path = "Preview Assets.xcassets"; sourceTree = "<group>"; };
		6291AAA32A2001C700448836 /* CampusCoachUITests.xctest */ = {isa = PBXFileReference; explicitFileType = wrapper.cfbundle; includeInIndex = 0; path = CampusCoachUITests.xctest; sourceTree = BUILT_PRODUCTS_DIR; };
		6291AAA72A2001C700448836 /* CampusCoachUITests.swift */ = {isa = PBXFileReference; lastKnownFileType = sourcecode.swift; path = CampusCoachUITests.swift; sourceTree = "<group>"; };
		6291AAAD2A2001C700448836 /* CampusCoachUIUITests.xctest */ = {isa = PBXFileReference; explicitFileType = wrapper.cfbundle; includeInIndex = 0; path = CampusCoachUIUITests.xctest; sourceTree = BUILT_PRODUCTS_DIR; };
		6291AAB12A2001C700448836 /* CampusCoachUIUITests.swift */ = {isa = PBXFileReference; lastKnownFileType = sourcecode.swift; path = CampusCoachUIUITests.swift; sourceTree = "<group>"; };
		6291AAB32A2001C700448836 /* CampusCoachUIUITestsLaunchTests.swift */ = {isa = PBXFileReference; lastKnownFileType = sourcecode.swift; path = CampusCoachUIUITestsLaunchTests.swift; sourceTree = "<group>"; };
		62937F3C2A206F0A008307AB /* HomeView.swift */ = {isa = PBXFileReference; lastKnownFileType = sourcecode.swift; path = HomeView.swift; sourceTree = "<group>"; };
		62937F3E2A206F50008307AB /* UserProfileView.swift */ = {isa = PBXFileReference; lastKnownFileType = sourcecode.swift; path = UserProfileView.swift; sourceTree = "<group>"; };
		62937F402A207756008307AB /* SleepView.swift */ = {isa = PBXFileReference; lastKnownFileType = sourcecode.swift; path = SleepView.swift; sourceTree = "<group>"; };
		62937F422A207786008307AB /* ActivityView.swift */ = {isa = PBXFileReference; lastKnownFileType = sourcecode.swift; path = ActivityView.swift; sourceTree = "<group>"; };
		62937F442A207792008307AB /* FoodView.swift */ = {isa = PBXFileReference; lastKnownFileType = sourcecode.swift; path = FoodView.swift; sourceTree = "<group>"; };
		62937F462A207B6A008307AB /* StartView.swift */ = {isa = PBXFileReference; lastKnownFileType = sourcecode.swift; path = StartView.swift; sourceTree = "<group>"; };
		62FD28F92A2D0B9B003C1B8D /* CampusCoachUI.entitlements */ = {isa = PBXFileReference; lastKnownFileType = text.plist.entitlements; path = CampusCoachUI.entitlements; sourceTree = "<group>"; };
		62FD28FA2A2D0D16003C1B8D /* HealthKitSetupAssistant.swift */ = {isa = PBXFileReference; lastKnownFileType = sourcecode.swift; path = HealthKitSetupAssistant.swift; sourceTree = "<group>"; };
		87129AC62A2C517A00DDFCA7 /* ActivityDetailView.swift */ = {isa = PBXFileReference; lastKnownFileType = sourcecode.swift; path = ActivityDetailView.swift; sourceTree = "<group>"; };
		A2103BAF2A2C7153000B4D38 /* GoogleService-Info.plist */ = {isa = PBXFileReference; fileEncoding = 4; lastKnownFileType = text.plist.xml; path = "GoogleService-Info.plist"; sourceTree = "<group>"; };
		A2103BBC2A2C8FA0000B4D38 /* UserProfileModel.swift */ = {isa = PBXFileReference; lastKnownFileType = sourcecode.swift; path = UserProfileModel.swift; sourceTree = "<group>"; };
/* End PBXFileReference section */

/* Begin PBXFrameworksBuildPhase section */
		6291AA902A2001C500448836 /* Frameworks */ = {
			isa = PBXFrameworksBuildPhase;
			buildActionMask = 2147483647;
			files = (
				A2103BB72A2C74B6000B4D38 /* FirebaseFirestoreCombine-Community in Frameworks */,
				A2103BC02A32F2A7000B4D38 /* FirebaseAuth in Frameworks */,
				A2103BB32A2C74B6000B4D38 /* FirebaseAnalytics in Frameworks */,
				A2103BB52A2C74B6000B4D38 /* FirebaseFirestore in Frameworks */,
				A2103BB92A2C74B6000B4D38 /* FirebaseFirestoreSwift in Frameworks */,
			);
			runOnlyForDeploymentPostprocessing = 0;
		};
		6291AAA02A2001C700448836 /* Frameworks */ = {
			isa = PBXFrameworksBuildPhase;
			buildActionMask = 2147483647;
			files = (
			);
			runOnlyForDeploymentPostprocessing = 0;
		};
		6291AAAA2A2001C700448836 /* Frameworks */ = {
			isa = PBXFrameworksBuildPhase;
			buildActionMask = 2147483647;
			files = (
			);
			runOnlyForDeploymentPostprocessing = 0;
		};
/* End PBXFrameworksBuildPhase section */

/* Begin PBXGroup section */
		6291AA8A2A2001C500448836 = {
			isa = PBXGroup;
			children = (
				6291AA952A2001C500448836 /* CampusCoachUI */,
				6291AAA62A2001C700448836 /* CampusCoachUITests */,
				6291AAB02A2001C700448836 /* CampusCoachUIUITests */,
				6291AA942A2001C500448836 /* Products */,
				A2103BBE2A32F2A7000B4D38 /* Frameworks */,
			);
			sourceTree = "<group>";
		};
		6291AA942A2001C500448836 /* Products */ = {
			isa = PBXGroup;
			children = (
				6291AA932A2001C500448836 /* CampusCoachUI.app */,
				6291AAA32A2001C700448836 /* CampusCoachUITests.xctest */,
				6291AAAD2A2001C700448836 /* CampusCoachUIUITests.xctest */,
			);
			name = Products;
			sourceTree = "<group>";
		};
		6291AA952A2001C500448836 /* CampusCoachUI */ = {
			isa = PBXGroup;
			children = (
				62FD28F92A2D0B9B003C1B8D /* CampusCoachUI.entitlements */,
				6291AA962A2001C500448836 /* CampusCoachUIApp.swift */,
				62937F462A207B6A008307AB /* StartView.swift */,
				6291AA982A2001C500448836 /* ContentView.swift */,
				62937F3C2A206F0A008307AB /* HomeView.swift */,
				62937F402A207756008307AB /* SleepView.swift */,
				62937F442A207792008307AB /* FoodView.swift */,
				62937F422A207786008307AB /* ActivityView.swift */,
				87129AC62A2C517A00DDFCA7 /* ActivityDetailView.swift */,
				624623AB2A33781D00979540 /* exercises.json */,
				62937F3E2A206F50008307AB /* UserProfileView.swift */,
				A2103BBC2A2C8FA0000B4D38 /* UserProfileModel.swift */,
				62758F332A2551E1006972CC /* UserProfileData.swift */,
				A2103BAF2A2C7153000B4D38 /* GoogleService-Info.plist */,
				62FD28FA2A2D0D16003C1B8D /* HealthKitSetupAssistant.swift */,
				6291AA9A2A2001C600448836 /* Assets.xcassets */,
				6291AA9C2A2001C600448836 /* Preview Content */,
			);
			path = CampusCoachUI;
			sourceTree = "<group>";
		};
		6291AA9C2A2001C600448836 /* Preview Content */ = {
			isa = PBXGroup;
			children = (
				6291AA9D2A2001C600448836 /* Preview Assets.xcassets */,
			);
			path = "Preview Content";
			sourceTree = "<group>";
		};
		6291AAA62A2001C700448836 /* CampusCoachUITests */ = {
			isa = PBXGroup;
			children = (
				6291AAA72A2001C700448836 /* CampusCoachUITests.swift */,
			);
			path = CampusCoachUITests;
			sourceTree = "<group>";
		};
		6291AAB02A2001C700448836 /* CampusCoachUIUITests */ = {
			isa = PBXGroup;
			children = (
				6291AAB12A2001C700448836 /* CampusCoachUIUITests.swift */,
				6291AAB32A2001C700448836 /* CampusCoachUIUITestsLaunchTests.swift */,
			);
			path = CampusCoachUIUITests;
			sourceTree = "<group>";
		};
		A2103BBE2A32F2A7000B4D38 /* Frameworks */ = {
			isa = PBXGroup;
			children = (
			);
			name = Frameworks;
			sourceTree = "<group>";
		};
/* End PBXGroup section */

/* Begin PBXNativeTarget section */
		6291AA922A2001C500448836 /* CampusCoachUI */ = {
			isa = PBXNativeTarget;
			buildConfigurationList = 6291AAB72A2001C700448836 /* Build configuration list for PBXNativeTarget "CampusCoachUI" */;
			buildPhases = (
				6291AA8F2A2001C500448836 /* Sources */,
				6291AA902A2001C500448836 /* Frameworks */,
				6291AA912A2001C500448836 /* Resources */,
			);
			buildRules = (
			);
			dependencies = (
			);
			name = CampusCoachUI;
			packageProductDependencies = (
				A2103BB22A2C74B6000B4D38 /* FirebaseAnalytics */,
				A2103BB42A2C74B6000B4D38 /* FirebaseFirestore */,
				A2103BB62A2C74B6000B4D38 /* FirebaseFirestoreCombine-Community */,
				A2103BB82A2C74B6000B4D38 /* FirebaseFirestoreSwift */,
				A2103BBF2A32F2A7000B4D38 /* FirebaseAuth */,
			);
			productName = CampusCoachUI;
			productReference = 6291AA932A2001C500448836 /* CampusCoachUI.app */;
			productType = "com.apple.product-type.application";
		};
		6291AAA22A2001C700448836 /* CampusCoachUITests */ = {
			isa = PBXNativeTarget;
			buildConfigurationList = 6291AABA2A2001C700448836 /* Build configuration list for PBXNativeTarget "CampusCoachUITests" */;
			buildPhases = (
				6291AA9F2A2001C700448836 /* Sources */,
				6291AAA02A2001C700448836 /* Frameworks */,
				6291AAA12A2001C700448836 /* Resources */,
			);
			buildRules = (
			);
			dependencies = (
				6291AAA52A2001C700448836 /* PBXTargetDependency */,
			);
			name = CampusCoachUITests;
			productName = CampusCoachUITests;
			productReference = 6291AAA32A2001C700448836 /* CampusCoachUITests.xctest */;
			productType = "com.apple.product-type.bundle.unit-test";
		};
		6291AAAC2A2001C700448836 /* CampusCoachUIUITests */ = {
			isa = PBXNativeTarget;
			buildConfigurationList = 6291AABD2A2001C700448836 /* Build configuration list for PBXNativeTarget "CampusCoachUIUITests" */;
			buildPhases = (
				6291AAA92A2001C700448836 /* Sources */,
				6291AAAA2A2001C700448836 /* Frameworks */,
				6291AAAB2A2001C700448836 /* Resources */,
			);
			buildRules = (
			);
			dependencies = (
				6291AAAF2A2001C700448836 /* PBXTargetDependency */,
			);
			name = CampusCoachUIUITests;
			productName = CampusCoachUIUITests;
			productReference = 6291AAAD2A2001C700448836 /* CampusCoachUIUITests.xctest */;
			productType = "com.apple.product-type.bundle.ui-testing";
		};
/* End PBXNativeTarget section */

/* Begin PBXProject section */
		6291AA8B2A2001C500448836 /* Project object */ = {
			isa = PBXProject;
			attributes = {
				BuildIndependentTargetsInParallel = 1;
				LastSwiftUpdateCheck = 1430;
				LastUpgradeCheck = 1430;
				TargetAttributes = {
					6291AA922A2001C500448836 = {
						CreatedOnToolsVersion = 14.3;
					};
					6291AAA22A2001C700448836 = {
						CreatedOnToolsVersion = 14.3;
						TestTargetID = 6291AA922A2001C500448836;
					};
					6291AAAC2A2001C700448836 = {
						CreatedOnToolsVersion = 14.3;
						TestTargetID = 6291AA922A2001C500448836;
					};
				};
			};
			buildConfigurationList = 6291AA8E2A2001C500448836 /* Build configuration list for PBXProject "CampusCoachUI" */;
			compatibilityVersion = "Xcode 14.0";
			developmentRegion = en;
			hasScannedForEncodings = 0;
			knownRegions = (
				en,
				Base,
			);
			mainGroup = 6291AA8A2A2001C500448836;
			packageReferences = (
				A2103BB12A2C74B5000B4D38 /* XCRemoteSwiftPackageReference "firebase-ios-sdk" */,
			);
			productRefGroup = 6291AA942A2001C500448836 /* Products */;
			projectDirPath = "";
			projectRoot = "";
			targets = (
				6291AA922A2001C500448836 /* CampusCoachUI */,
				6291AAA22A2001C700448836 /* CampusCoachUITests */,
				6291AAAC2A2001C700448836 /* CampusCoachUIUITests */,
			);
		};
/* End PBXProject section */

/* Begin PBXResourcesBuildPhase section */
		6291AA912A2001C500448836 /* Resources */ = {
			isa = PBXResourcesBuildPhase;
			buildActionMask = 2147483647;
			files = (
				6291AA9E2A2001C600448836 /* Preview Assets.xcassets in Resources */,
				624623AC2A33781D00979540 /* exercises.json in Resources */,
				A2103BB02A2C7153000B4D38 /* GoogleService-Info.plist in Resources */,
				6291AA9B2A2001C600448836 /* Assets.xcassets in Resources */,
			);
			runOnlyForDeploymentPostprocessing = 0;
		};
		6291AAA12A2001C700448836 /* Resources */ = {
			isa = PBXResourcesBuildPhase;
			buildActionMask = 2147483647;
			files = (
			);
			runOnlyForDeploymentPostprocessing = 0;
		};
		6291AAAB2A2001C700448836 /* Resources */ = {
			isa = PBXResourcesBuildPhase;
			buildActionMask = 2147483647;
			files = (
			);
			runOnlyForDeploymentPostprocessing = 0;
		};
/* End PBXResourcesBuildPhase section */

/* Begin PBXSourcesBuildPhase section */
		6291AA8F2A2001C500448836 /* Sources */ = {
			isa = PBXSourcesBuildPhase;
			buildActionMask = 2147483647;
			files = (
				62937F3D2A206F0A008307AB /* HomeView.swift in Sources */,
				6291AA992A2001C500448836 /* ContentView.swift in Sources */,
				62937F452A207792008307AB /* FoodView.swift in Sources */,
				6291AA972A2001C500448836 /* CampusCoachUIApp.swift in Sources */,
				62937F412A207756008307AB /* SleepView.swift in Sources */,
				62937F3F2A206F50008307AB /* UserProfileView.swift in Sources */,
				62FD28FB2A2D0D16003C1B8D /* HealthKitSetupAssistant.swift in Sources */,
				62937F472A207B6A008307AB /* StartView.swift in Sources */,
				62937F432A207786008307AB /* ActivityView.swift in Sources */,
				87129AC72A2C517A00DDFCA7 /* ActivityDetailView.swift in Sources */,
				A2103BBD2A2C8FA0000B4D38 /* UserProfileModel.swift in Sources */,
				62758F342A2551E1006972CC /* UserProfileData.swift in Sources */,
			);
			runOnlyForDeploymentPostprocessing = 0;
		};
		6291AA9F2A2001C700448836 /* Sources */ = {
			isa = PBXSourcesBuildPhase;
			buildActionMask = 2147483647;
			files = (
				6291AAA82A2001C700448836 /* CampusCoachUITests.swift in Sources */,
			);
			runOnlyForDeploymentPostprocessing = 0;
		};
		6291AAA92A2001C700448836 /* Sources */ = {
			isa = PBXSourcesBuildPhase;
			buildActionMask = 2147483647;
			files = (
				6291AAB42A2001C700448836 /* CampusCoachUIUITestsLaunchTests.swift in Sources */,
				6291AAB22A2001C700448836 /* CampusCoachUIUITests.swift in Sources */,
			);
			runOnlyForDeploymentPostprocessing = 0;
		};
/* End PBXSourcesBuildPhase section */

/* Begin PBXTargetDependency section */
		6291AAA52A2001C700448836 /* PBXTargetDependency */ = {
			isa = PBXTargetDependency;
			target = 6291AA922A2001C500448836 /* CampusCoachUI */;
			targetProxy = 6291AAA42A2001C700448836 /* PBXContainerItemProxy */;
		};
		6291AAAF2A2001C700448836 /* PBXTargetDependency */ = {
			isa = PBXTargetDependency;
			target = 6291AA922A2001C500448836 /* CampusCoachUI */;
			targetProxy = 6291AAAE2A2001C700448836 /* PBXContainerItemProxy */;
		};
/* End PBXTargetDependency section */

/* Begin XCBuildConfiguration section */
		6291AAB52A2001C700448836 /* Debug */ = {
			isa = XCBuildConfiguration;
			buildSettings = {
				ALWAYS_SEARCH_USER_PATHS = NO;
				CLANG_ANALYZER_NONNULL = YES;
				CLANG_ANALYZER_NUMBER_OBJECT_CONVERSION = YES_AGGRESSIVE;
				CLANG_CXX_LANGUAGE_STANDARD = "gnu++20";
				CLANG_ENABLE_MODULES = YES;
				CLANG_ENABLE_OBJC_ARC = YES;
				CLANG_ENABLE_OBJC_WEAK = YES;
				CLANG_WARN_BLOCK_CAPTURE_AUTORELEASING = YES;
				CLANG_WARN_BOOL_CONVERSION = YES;
				CLANG_WARN_COMMA = YES;
				CLANG_WARN_CONSTANT_CONVERSION = YES;
				CLANG_WARN_DEPRECATED_OBJC_IMPLEMENTATIONS = YES;
				CLANG_WARN_DIRECT_OBJC_ISA_USAGE = YES_ERROR;
				CLANG_WARN_DOCUMENTATION_COMMENTS = YES;
				CLANG_WARN_EMPTY_BODY = YES;
				CLANG_WARN_ENUM_CONVERSION = YES;
				CLANG_WARN_INFINITE_RECURSION = YES;
				CLANG_WARN_INT_CONVERSION = YES;
				CLANG_WARN_NON_LITERAL_NULL_CONVERSION = YES;
				CLANG_WARN_OBJC_IMPLICIT_RETAIN_SELF = YES;
				CLANG_WARN_OBJC_LITERAL_CONVERSION = YES;
				CLANG_WARN_OBJC_ROOT_CLASS = YES_ERROR;
				CLANG_WARN_QUOTED_INCLUDE_IN_FRAMEWORK_HEADER = YES;
				CLANG_WARN_RANGE_LOOP_ANALYSIS = YES;
				CLANG_WARN_STRICT_PROTOTYPES = YES;
				CLANG_WARN_SUSPICIOUS_MOVE = YES;
				CLANG_WARN_UNGUARDED_AVAILABILITY = YES_AGGRESSIVE;
				CLANG_WARN_UNREACHABLE_CODE = YES;
				CLANG_WARN__DUPLICATE_METHOD_MATCH = YES;
				COPY_PHASE_STRIP = NO;
				DEBUG_INFORMATION_FORMAT = dwarf;
				ENABLE_STRICT_OBJC_MSGSEND = YES;
				ENABLE_TESTABILITY = YES;
				GCC_C_LANGUAGE_STANDARD = gnu11;
				GCC_DYNAMIC_NO_PIC = NO;
				GCC_NO_COMMON_BLOCKS = YES;
				GCC_OPTIMIZATION_LEVEL = 0;
				GCC_PREPROCESSOR_DEFINITIONS = (
					"DEBUG=1",
					"$(inherited)",
				);
				GCC_WARN_64_TO_32_BIT_CONVERSION = YES;
				GCC_WARN_ABOUT_RETURN_TYPE = YES_ERROR;
				GCC_WARN_UNDECLARED_SELECTOR = YES;
				GCC_WARN_UNINITIALIZED_AUTOS = YES_AGGRESSIVE;
				GCC_WARN_UNUSED_FUNCTION = YES;
				GCC_WARN_UNUSED_VARIABLE = YES;
				IPHONEOS_DEPLOYMENT_TARGET = 16.4;
				MTL_ENABLE_DEBUG_INFO = INCLUDE_SOURCE;
				MTL_FAST_MATH = YES;
				ONLY_ACTIVE_ARCH = YES;
				SDKROOT = iphoneos;
				SWIFT_ACTIVE_COMPILATION_CONDITIONS = DEBUG;
				SWIFT_OPTIMIZATION_LEVEL = "-Onone";
			};
			name = Debug;
		};
		6291AAB62A2001C700448836 /* Release */ = {
			isa = XCBuildConfiguration;
			buildSettings = {
				ALWAYS_SEARCH_USER_PATHS = NO;
				CLANG_ANALYZER_NONNULL = YES;
				CLANG_ANALYZER_NUMBER_OBJECT_CONVERSION = YES_AGGRESSIVE;
				CLANG_CXX_LANGUAGE_STANDARD = "gnu++20";
				CLANG_ENABLE_MODULES = YES;
				CLANG_ENABLE_OBJC_ARC = YES;
				CLANG_ENABLE_OBJC_WEAK = YES;
				CLANG_WARN_BLOCK_CAPTURE_AUTORELEASING = YES;
				CLANG_WARN_BOOL_CONVERSION = YES;
				CLANG_WARN_COMMA = YES;
				CLANG_WARN_CONSTANT_CONVERSION = YES;
				CLANG_WARN_DEPRECATED_OBJC_IMPLEMENTATIONS = YES;
				CLANG_WARN_DIRECT_OBJC_ISA_USAGE = YES_ERROR;
				CLANG_WARN_DOCUMENTATION_COMMENTS = YES;
				CLANG_WARN_EMPTY_BODY = YES;
				CLANG_WARN_ENUM_CONVERSION = YES;
				CLANG_WARN_INFINITE_RECURSION = YES;
				CLANG_WARN_INT_CONVERSION = YES;
				CLANG_WARN_NON_LITERAL_NULL_CONVERSION = YES;
				CLANG_WARN_OBJC_IMPLICIT_RETAIN_SELF = YES;
				CLANG_WARN_OBJC_LITERAL_CONVERSION = YES;
				CLANG_WARN_OBJC_ROOT_CLASS = YES_ERROR;
				CLANG_WARN_QUOTED_INCLUDE_IN_FRAMEWORK_HEADER = YES;
				CLANG_WARN_RANGE_LOOP_ANALYSIS = YES;
				CLANG_WARN_STRICT_PROTOTYPES = YES;
				CLANG_WARN_SUSPICIOUS_MOVE = YES;
				CLANG_WARN_UNGUARDED_AVAILABILITY = YES_AGGRESSIVE;
				CLANG_WARN_UNREACHABLE_CODE = YES;
				CLANG_WARN__DUPLICATE_METHOD_MATCH = YES;
				COPY_PHASE_STRIP = NO;
				DEBUG_INFORMATION_FORMAT = "dwarf-with-dsym";
				ENABLE_NS_ASSERTIONS = NO;
				ENABLE_STRICT_OBJC_MSGSEND = YES;
				GCC_C_LANGUAGE_STANDARD = gnu11;
				GCC_NO_COMMON_BLOCKS = YES;
				GCC_WARN_64_TO_32_BIT_CONVERSION = YES;
				GCC_WARN_ABOUT_RETURN_TYPE = YES_ERROR;
				GCC_WARN_UNDECLARED_SELECTOR = YES;
				GCC_WARN_UNINITIALIZED_AUTOS = YES_AGGRESSIVE;
				GCC_WARN_UNUSED_FUNCTION = YES;
				GCC_WARN_UNUSED_VARIABLE = YES;
				IPHONEOS_DEPLOYMENT_TARGET = 16.4;
				MTL_ENABLE_DEBUG_INFO = NO;
				MTL_FAST_MATH = YES;
				ONLY_ACTIVE_ARCH = YES;
				SDKROOT = iphoneos;
				SWIFT_COMPILATION_MODE = wholemodule;
				SWIFT_OPTIMIZATION_LEVEL = "-O";
				VALIDATE_PRODUCT = YES;
			};
			name = Release;
		};
		6291AAB82A2001C700448836 /* Debug */ = {
			isa = XCBuildConfiguration;
			buildSettings = {
				ASSETCATALOG_COMPILER_APPICON_NAME = AppIcon;
				ASSETCATALOG_COMPILER_GLOBAL_ACCENT_COLOR_NAME = AccentColor;
				CODE_SIGN_ENTITLEMENTS = CampusCoachUI/CampusCoachUI.entitlements;
				CODE_SIGN_STYLE = Automatic;
				CURRENT_PROJECT_VERSION = 1;
				DEVELOPMENT_ASSET_PATHS = "\"CampusCoachUI/Preview Content\"";
				DEVELOPMENT_TEAM = F355Q2J5VY;
				ENABLE_PREVIEWS = YES;
				GENERATE_INFOPLIST_FILE = YES;
				INFOPLIST_KEY_NSHealthClinicalHealthRecordsShareUsageDescription = "This app requires to access your health data. ";
				INFOPLIST_KEY_NSHealthShareUsageDescription = "This app requires to access your health data. ";
				INFOPLIST_KEY_NSHealthUpdateUsageDescription = "This app requires to access your health data. ";
				INFOPLIST_KEY_UIApplicationSceneManifest_Generation = YES;
				INFOPLIST_KEY_UIApplicationSupportsIndirectInputEvents = YES;
				INFOPLIST_KEY_UILaunchScreen_Generation = YES;
				INFOPLIST_KEY_UISupportedInterfaceOrientations_iPad = "UIInterfaceOrientationPortrait UIInterfaceOrientationPortraitUpsideDown UIInterfaceOrientationLandscapeLeft UIInterfaceOrientationLandscapeRight";
				INFOPLIST_KEY_UISupportedInterfaceOrientations_iPhone = "UIInterfaceOrientationPortrait UIInterfaceOrientationLandscapeLeft UIInterfaceOrientationLandscapeRight";
				LD_RUNPATH_SEARCH_PATHS = (
					"$(inherited)",
					"@executable_path/Frameworks",
				);
				MARKETING_VERSION = 1.0;
				PRODUCT_BUNDLE_IDENTIFIER = com.final.group28.CampusCoachUI;
				PRODUCT_NAME = "$(TARGET_NAME)";
				SWIFT_EMIT_LOC_STRINGS = YES;
				SWIFT_VERSION = 5.0;
				TARGETED_DEVICE_FAMILY = "1,2";
			};
			name = Debug;
		};
		6291AAB92A2001C700448836 /* Release */ = {
			isa = XCBuildConfiguration;
			buildSettings = {
				ASSETCATALOG_COMPILER_APPICON_NAME = AppIcon;
				ASSETCATALOG_COMPILER_GLOBAL_ACCENT_COLOR_NAME = AccentColor;
				CODE_SIGN_ENTITLEMENTS = CampusCoachUI/CampusCoachUI.entitlements;
				CODE_SIGN_STYLE = Automatic;
				CURRENT_PROJECT_VERSION = 1;
				DEVELOPMENT_ASSET_PATHS = "\"CampusCoachUI/Preview Content\"";
				DEVELOPMENT_TEAM = F355Q2J5VY;
				ENABLE_PREVIEWS = YES;
				GENERATE_INFOPLIST_FILE = YES;
				INFOPLIST_KEY_NSHealthClinicalHealthRecordsShareUsageDescription = "This app requires to access your health data. ";
				INFOPLIST_KEY_NSHealthShareUsageDescription = "This app requires to access your health data. ";
				INFOPLIST_KEY_NSHealthUpdateUsageDescription = "This app requires to access your health data. ";
				INFOPLIST_KEY_UIApplicationSceneManifest_Generation = YES;
				INFOPLIST_KEY_UIApplicationSupportsIndirectInputEvents = YES;
				INFOPLIST_KEY_UILaunchScreen_Generation = YES;
				INFOPLIST_KEY_UISupportedInterfaceOrientations_iPad = "UIInterfaceOrientationPortrait UIInterfaceOrientationPortraitUpsideDown UIInterfaceOrientationLandscapeLeft UIInterfaceOrientationLandscapeRight";
				INFOPLIST_KEY_UISupportedInterfaceOrientations_iPhone = "UIInterfaceOrientationPortrait UIInterfaceOrientationLandscapeLeft UIInterfaceOrientationLandscapeRight";
				LD_RUNPATH_SEARCH_PATHS = (
					"$(inherited)",
					"@executable_path/Frameworks",
				);
				MARKETING_VERSION = 1.0;
				PRODUCT_BUNDLE_IDENTIFIER = com.final.group28.CampusCoachUI;
				PRODUCT_NAME = "$(TARGET_NAME)";
				SWIFT_EMIT_LOC_STRINGS = YES;
				SWIFT_VERSION = 5.0;
				TARGETED_DEVICE_FAMILY = "1,2";
			};
			name = Release;
		};
		6291AABB2A2001C700448836 /* Debug */ = {
			isa = XCBuildConfiguration;
			buildSettings = {
				ALWAYS_EMBED_SWIFT_STANDARD_LIBRARIES = YES;
				BUNDLE_LOADER = "$(TEST_HOST)";
				CODE_SIGN_STYLE = Automatic;
				CURRENT_PROJECT_VERSION = 1;
				DEVELOPMENT_TEAM = F355Q2J5VY;
				GENERATE_INFOPLIST_FILE = YES;
				IPHONEOS_DEPLOYMENT_TARGET = 16.4;
				MARKETING_VERSION = 1.0;
				PRODUCT_BUNDLE_IDENTIFIER = com.final.group28.CampusCoachUITests;
				PRODUCT_NAME = "$(TARGET_NAME)";
				SWIFT_EMIT_LOC_STRINGS = NO;
				SWIFT_VERSION = 5.0;
				TARGETED_DEVICE_FAMILY = "1,2";
				TEST_HOST = "$(BUILT_PRODUCTS_DIR)/CampusCoachUI.app/$(BUNDLE_EXECUTABLE_FOLDER_PATH)/CampusCoachUI";
			};
			name = Debug;
		};
		6291AABC2A2001C700448836 /* Release */ = {
			isa = XCBuildConfiguration;
			buildSettings = {
				ALWAYS_EMBED_SWIFT_STANDARD_LIBRARIES = YES;
				BUNDLE_LOADER = "$(TEST_HOST)";
				CODE_SIGN_STYLE = Automatic;
				CURRENT_PROJECT_VERSION = 1;
				DEVELOPMENT_TEAM = F355Q2J5VY;
				GENERATE_INFOPLIST_FILE = YES;
				IPHONEOS_DEPLOYMENT_TARGET = 16.4;
				MARKETING_VERSION = 1.0;
				PRODUCT_BUNDLE_IDENTIFIER = com.final.group28.CampusCoachUITests;
				PRODUCT_NAME = "$(TARGET_NAME)";
				SWIFT_EMIT_LOC_STRINGS = NO;
				SWIFT_VERSION = 5.0;
				TARGETED_DEVICE_FAMILY = "1,2";
				TEST_HOST = "$(BUILT_PRODUCTS_DIR)/CampusCoachUI.app/$(BUNDLE_EXECUTABLE_FOLDER_PATH)/CampusCoachUI";
			};
			name = Release;
		};
		6291AABE2A2001C700448836 /* Debug */ = {
			isa = XCBuildConfiguration;
			buildSettings = {
				ALWAYS_EMBED_SWIFT_STANDARD_LIBRARIES = YES;
				CODE_SIGN_STYLE = Automatic;
				CURRENT_PROJECT_VERSION = 1;
				DEVELOPMENT_TEAM = F355Q2J5VY;
				GENERATE_INFOPLIST_FILE = YES;
				MARKETING_VERSION = 1.0;
				PRODUCT_BUNDLE_IDENTIFIER = com.final.group28.CampusCoachUIUITests;
				PRODUCT_NAME = "$(TARGET_NAME)";
				SWIFT_EMIT_LOC_STRINGS = NO;
				SWIFT_VERSION = 5.0;
				TARGETED_DEVICE_FAMILY = "1,2";
				TEST_TARGET_NAME = CampusCoachUI;
			};
			name = Debug;
		};
		6291AABF2A2001C700448836 /* Release */ = {
			isa = XCBuildConfiguration;
			buildSettings = {
				ALWAYS_EMBED_SWIFT_STANDARD_LIBRARIES = YES;
				CODE_SIGN_STYLE = Automatic;
				CURRENT_PROJECT_VERSION = 1;
				DEVELOPMENT_TEAM = F355Q2J5VY;
				GENERATE_INFOPLIST_FILE = YES;
				MARKETING_VERSION = 1.0;
				PRODUCT_BUNDLE_IDENTIFIER = com.final.group28.CampusCoachUIUITests;
				PRODUCT_NAME = "$(TARGET_NAME)";
				SWIFT_EMIT_LOC_STRINGS = NO;
				SWIFT_VERSION = 5.0;
				TARGETED_DEVICE_FAMILY = "1,2";
				TEST_TARGET_NAME = CampusCoachUI;
			};
			name = Release;
		};
/* End XCBuildConfiguration section */

/* Begin XCConfigurationList section */
		6291AA8E2A2001C500448836 /* Build configuration list for PBXProject "CampusCoachUI" */ = {
			isa = XCConfigurationList;
			buildConfigurations = (
				6291AAB52A2001C700448836 /* Debug */,
				6291AAB62A2001C700448836 /* Release */,
			);
			defaultConfigurationIsVisible = 0;
			defaultConfigurationName = Release;
		};
		6291AAB72A2001C700448836 /* Build configuration list for PBXNativeTarget "CampusCoachUI" */ = {
			isa = XCConfigurationList;
			buildConfigurations = (
				6291AAB82A2001C700448836 /* Debug */,
				6291AAB92A2001C700448836 /* Release */,
			);
			defaultConfigurationIsVisible = 0;
			defaultConfigurationName = Release;
		};
		6291AABA2A2001C700448836 /* Build configuration list for PBXNativeTarget "CampusCoachUITests" */ = {
			isa = XCConfigurationList;
			buildConfigurations = (
				6291AABB2A2001C700448836 /* Debug */,
				6291AABC2A2001C700448836 /* Release */,
			);
			defaultConfigurationIsVisible = 0;
			defaultConfigurationName = Release;
		};
		6291AABD2A2001C700448836 /* Build configuration list for PBXNativeTarget "CampusCoachUIUITests" */ = {
			isa = XCConfigurationList;
			buildConfigurations = (
				6291AABE2A2001C700448836 /* Debug */,
				6291AABF2A2001C700448836 /* Release */,
			);
			defaultConfigurationIsVisible = 0;
			defaultConfigurationName = Release;
		};
/* End XCConfigurationList section */

/* Begin XCRemoteSwiftPackageReference section */
		A2103BB12A2C74B5000B4D38 /* XCRemoteSwiftPackageReference "firebase-ios-sdk" */ = {
			isa = XCRemoteSwiftPackageReference;
			repositoryURL = "https://github.com/firebase/firebase-ios-sdk";
			requirement = {
				kind = upToNextMajorVersion;
				minimumVersion = 10.0.0;
			};
		};
/* End XCRemoteSwiftPackageReference section */

/* Begin XCSwiftPackageProductDependency section */
		A2103BB22A2C74B6000B4D38 /* FirebaseAnalytics */ = {
			isa = XCSwiftPackageProductDependency;
			package = A2103BB12A2C74B5000B4D38 /* XCRemoteSwiftPackageReference "firebase-ios-sdk" */;
			productName = FirebaseAnalytics;
		};
		A2103BB42A2C74B6000B4D38 /* FirebaseFirestore */ = {
			isa = XCSwiftPackageProductDependency;
			package = A2103BB12A2C74B5000B4D38 /* XCRemoteSwiftPackageReference "firebase-ios-sdk" */;
			productName = FirebaseFirestore;
		};
		A2103BB62A2C74B6000B4D38 /* FirebaseFirestoreCombine-Community */ = {
			isa = XCSwiftPackageProductDependency;
			package = A2103BB12A2C74B5000B4D38 /* XCRemoteSwiftPackageReference "firebase-ios-sdk" */;
			productName = "FirebaseFirestoreCombine-Community";
		};
		A2103BB82A2C74B6000B4D38 /* FirebaseFirestoreSwift */ = {
			isa = XCSwiftPackageProductDependency;
			package = A2103BB12A2C74B5000B4D38 /* XCRemoteSwiftPackageReference "firebase-ios-sdk" */;
			productName = FirebaseFirestoreSwift;
		};
		A2103BBF2A32F2A7000B4D38 /* FirebaseAuth */ = {
			isa = XCSwiftPackageProductDependency;
			package = A2103BB12A2C74B5000B4D38 /* XCRemoteSwiftPackageReference "firebase-ios-sdk" */;
			productName = FirebaseAuth;
		};
/* End XCSwiftPackageProductDependency section */
	};
	rootObject = 6291AA8B2A2001C500448836 /* Project object */;
}
